PODS:
  - MJThemeManager (0.1.0):
    - ModuleCapability (~> 0.1.2)
  - ModuleCapability (0.1.2)

DEPENDENCIES:
  - MJThemeManager (from `../`)

EXTERNAL SOURCES:
  MJThemeManager:
    :path: ../

SPEC CHECKSUMS:
  MJThemeManager: 39871b08cec2e7f926c13fd4f53221782a780c2d
  ModuleCapability: 35cea7154ff855362682e90ecf1be529a533c931

PODFILE CHECKSUM: 6559df0f6a79efe863f9eb590420d492e427135b

COCOAPODS: 1.1.1
